
Microsoft Visual Studio Solution File, Format Version 12.00
Project("{FAE04EC0-301F-11D3-BF4B-00C04F79EFBC}") = "Scapeulator", "Scapeulator\Scapeulator.csproj", "{65950AD3-E17F-45DC-B74D-F44F55BEA2D4}"
EndProject
Global
	GlobalSection(SolutionConfigurationPlatforms) = preSolution
		Debug|Any CPU = Debug|Any CPU
		Release|Any CPU = Release|Any CPU
	EndGlobalSection
	GlobalSection(ProjectConfigurationPlatforms) = postSolution
		{65950AD3-E17F-45DC-B74D-F44F55BEA2D4}.Debug|Any CPU.ActiveCfg = Debug|Any CPU
		{65950AD3-E17F-45DC-B74D-F44F55BEA2D4}.Debug|Any CPU.Build.0 = Debug|Any CPU
		{65950AD3-E17F-45DC-B74D-F44F55BEA2D4}.Release|Any CPU.ActiveCfg = Release|Any CPU
		{65950AD3-E17F-45DC-B74D-F44F55BEA2D4}.Release|Any CPU.Build.0 = Release|Any CPU
	EndGlobalSection
EndGlobal
